{
  "name": "project",
  "lockfileVersion": 2,
  "requires": true,
  "packages": {
    "": {
      "dependencies": {
        "bootstrap": "^5.2.0",
        "jarallax": "^2.0.4"
      }
    },
    "node_modules/@popperjs/core": {
      "version": "2.11.5",
      "resolved": "https://registry.npmjs.org/@popperjs/core/-/core-2.11.5.tgz",
      "integrity": "sha512-9X2obfABZuDVLCgPK9aX0a/x4jaOEweTTWE2+9sr0Qqqevj2Uv5XorvusThmc9XGYpS9yI+fhh8RTafBtGposw==",
      "peer": true,
      "funding": {
        "type": "opencollective",
        "url": "https://opencollective.com/popperjs"
      }
    },
    "node_modules/bootstrap": {
      "version": "5.2.0",
      "resolved": "https://registry.npmjs.org/bootstrap/-/bootstrap-5.2.0.tgz",
      "integrity": "sha512-qlnS9GL6YZE6Wnef46GxGv1UpGGzAwO0aPL1yOjzDIJpeApeMvqV24iL+pjr2kU4dduoBA9fINKWKgMToobx9A==",
      "funding": [
        {
          "type": "github",
          "url": "https://github.com/sponsors/twbs"
        },
        {
          "type": "opencollective",
          "url": "https://opencollective.com/bootstrap"
        }
      ],
      "peerDependencies": {
        "@popperjs/core": "^2.11.5"
      }
    },
    "node_modules/jarallax": {
      "version": "2.0.4",
      "resolved": "https://registry.npmjs.org/jarallax/-/jarallax-2.0.4.tgz",
      "integrity": "sha512-vvQXYiRsjhmuD6vmgnkbzFWUBTmOXUFK4ncD8bUQ74rUAaRHFAwE3m4pbOqmxecdljWXtufA4EYVu67+L8PKBA==",
      "dependencies": {
        "video-worker": "^2.0.0"
      }
    },
    "node_modules/video-worker": {
      "version": "2.0.0",
      "resolved": "https://registry.npmjs.org/video-worker/-/video-worker-2.0.0.tgz",
      "integrity": "sha512-hdah9eSOaxDgj8SSE82HQkj4yzgXVK91ceMqJc6/0Q+M2710LTy7J1Jxgw5RDSPRfgMc68YuFtgptnodsje5Fw=="
    }
  },
  "dependencies": {
    "@popperjs/core": {
      "version": "2.11.5",
      "resolved": "https://registry.npmjs.org/@popperjs/core/-/core-2.11.5.tgz",
      "integrity": "sha512-9X2obfABZuDVLCgPK9aX0a/x4jaOEweTTWE2+9sr0Qqqevj2Uv5XorvusThmc9XGYpS9yI+fhh8RTafBtGposw==",
      "peer": true
    },
    "bootstrap": {
      "version": "5.2.0",
      "resolved": "https://registry.npmjs.org/bootstrap/-/bootstrap-5.2.0.tgz",
      "integrity": "sha512-qlnS9GL6YZE6Wnef46GxGv1UpGGzAwO0aPL1yOjzDIJpeApeMvqV24iL+pjr2kU4dduoBA9fINKWKgMToobx9A==",
      "requires": {}
    },
    "jarallax": {
      "version": "2.0.4",
      "resolved": "https://registry.npmjs.org/jarallax/-/jarallax-2.0.4.tgz",
      "integrity": "sha512-vvQXYiRsjhmuD6vmgnkbzFWUBTmOXUFK4ncD8bUQ74rUAaRHFAwE3m4pbOqmxecdljWXtufA4EYVu67+L8PKBA==",
      "requires": {
        "video-worker": "^2.0.0"
      }
    },
    "video-worker": {
      "version": "2.0.0",
      "resolved": "https://registry.npmjs.org/video-worker/-/video-worker-2.0.0.tgz",
      "integrity": "sha512-hdah9eSOaxDgj8SSE82HQkj4yzgXVK91ceMqJc6/0Q+M2710LTy7J1Jxgw5RDSPRfgMc68YuFtgptnodsje5Fw=="
    }
  }
}
